<?xml version="1.0" encoding="utf-8"?>
<Project ToolsVersion="4.0" xmlns="http://schemas.microsoft.com/developer/msbuild/2003">
  <ItemGroup>
    <Filter Include="include">
      <UniqueIdentifier>{89AF369E-F58E-B539-FEA6-40106A051C9B}</UniqueIdentifier>
    </Filter>
    <Filter Include="src">
      <UniqueIdentifier>{2DAB880B-99B4-887C-2230-9F7C8E38947C}</UniqueIdentifier>
    </Filter>
  </ItemGroup>
  <ItemGroup>
    <ClInclude Include="Core\include\Instruction.hpp">
      <Filter>include</Filter>
    </ClInclude>
    <ClInclude Include="Core\include\Node.hpp">
      <Filter>include</Filter>
    </ClInclude>
    <ClInclude Include="Core\include\Port.hpp">
      <Filter>include</Filter>
    </ClInclude>
    <ClInclude Include="Core\include\VirtualMachine.hpp">
      <Filter>include</Filter>
    </ClInclude>
    <ClInclude Include="Core\include\Disassembler.hpp">
      <Filter>include</Filter>
    </ClInclude>
    <ClInclude Include="Core\include\Assembler.hpp">
      <Filter>include</Filter>
    </ClInclude>
    <ClInclude Include="Core\include\ComputeNode.hpp">
      <Filter>include</Filter>
    </ClInclude>
  </ItemGroup>
  <ItemGroup>
    <ClCompile Include="Core\src\Node.cpp">
      <Filter>src</Filter>
    </ClCompile>
    <ClCompile Include="Core\src\Port.cpp">
      <Filter>src</Filter>
    </ClCompile>
    <ClCompile Include="Core\src\VirtualMachine.cpp">
      <Filter>src</Filter>
    </ClCompile>
    <ClCompile Include="Core\src\Assembler.cpp">
      <Filter>src</Filter>
    </ClCompile>
    <ClCompile Include="Core\src\Disassembler.cpp">
      <Filter>src</Filter>
    </ClCompile>
    <ClCompile Include="Core\src\ComputeNode.cpp">
      <Filter>src</Filter>
    </ClCompile>
  </ItemGroup>
</Project>